
Microsoft Visual Studio Solution File, Format Version 12.00
# Visual Studio Version 16
VisualStudioVersion = 16.0.30011.22
MinimumVisualStudioVersion = 10.0.40219.1
Project("{FAE04EC0-301F-11D3-BF4B-00C04F79EFBC}") = "FILO", "FILO.csproj", "{60319871-5251-4801-9AD5-0ABC8D389613}"
EndProject
Global
	GlobalSection(SolutionConfigurationPlatforms) = preSolution
		Debug|Any CPU = Debug|Any CPU
		Release|Any CPU = Release|Any CPU
	EndGlobalSection
	GlobalSection(ProjectConfigurationPlatforms) = postSolution
		{60319871-5251-4801-9AD5-0ABC8D389613}.Debug|Any CPU.ActiveCfg = Debug|Any CPU
		{60319871-5251-4801-9AD5-0ABC8D389613}.Debug|Any CPU.Build.0 = Debug|Any CPU
		{60319871-5251-4801-9AD5-0ABC8D389613}.Release|Any CPU.ActiveCfg = Release|Any CPU
		{60319871-5251-4801-9AD5-0ABC8D389613}.Release|Any CPU.Build.0 = Release|Any CPU
	EndGlobalSection
	GlobalSection(SolutionProperties) = preSolution
		HideSolutionNode = FALSE
	EndGlobalSection
	GlobalSection(ExtensibilityGlobals) = postSolution
		SolutionGuid = {C5B202B1-CE0A-41C3-82D9-580B035E3FBD}
	EndGlobalSection
EndGlobal
